
Microsoft Visual Studio Solution File, Format Version 12.00
Project("{2150E333-8FDC-42A3-9474-1A3956D46DE8}") = "source", "source", "{5845AC15-B2DE-47A3-92BB-C69BA1F5F1FC}"
EndProject
Project("{2150E333-8FDC-42A3-9474-1A3956D46DE8}") = "core", "core", "{020F454A-8438-4330-B79C-BF703459C49F}"
EndProject
Project("{FAE04EC0-301F-11D3-BF4B-00C04F79EFBC}") = "Exmediator.Abstractions", "source\core\Exmediator.Abstractions\Exmediator.Abstractions.csproj", "{B789996C-3C45-4AC0-9234-FA2D64BCC4E2}"
EndProject
Project("{FAE04EC0-301F-11D3-BF4B-00C04F79EFBC}") = "Exmediator.Core", "source\core\Exmediator.Core\Exmediator.Core.csproj", "{187F597D-E49B-4911-9ED4-3112353353B1}"
EndProject
Global
	GlobalSection(SolutionConfigurationPlatforms) = preSolution
		Debug|Any CPU = Debug|Any CPU
		Release|Any CPU = Release|Any CPU
	EndGlobalSection
	GlobalSection(NestedProjects) = preSolution
		{020F454A-8438-4330-B79C-BF703459C49F} = {5845AC15-B2DE-47A3-92BB-C69BA1F5F1FC}
		{B789996C-3C45-4AC0-9234-FA2D64BCC4E2} = {020F454A-8438-4330-B79C-BF703459C49F}
		{187F597D-E49B-4911-9ED4-3112353353B1} = {020F454A-8438-4330-B79C-BF703459C49F}
	EndGlobalSection
	GlobalSection(ProjectConfigurationPlatforms) = postSolution
		{B789996C-3C45-4AC0-9234-FA2D64BCC4E2}.Debug|Any CPU.ActiveCfg = Debug|Any CPU
		{B789996C-3C45-4AC0-9234-FA2D64BCC4E2}.Debug|Any CPU.Build.0 = Debug|Any CPU
		{B789996C-3C45-4AC0-9234-FA2D64BCC4E2}.Release|Any CPU.ActiveCfg = Release|Any CPU
		{B789996C-3C45-4AC0-9234-FA2D64BCC4E2}.Release|Any CPU.Build.0 = Release|Any CPU
		{187F597D-E49B-4911-9ED4-3112353353B1}.Debug|Any CPU.ActiveCfg = Debug|Any CPU
		{187F597D-E49B-4911-9ED4-3112353353B1}.Debug|Any CPU.Build.0 = Debug|Any CPU
		{187F597D-E49B-4911-9ED4-3112353353B1}.Release|Any CPU.ActiveCfg = Release|Any CPU
		{187F597D-E49B-4911-9ED4-3112353353B1}.Release|Any CPU.Build.0 = Release|Any CPU
	EndGlobalSection
EndGlobal
